
Microsoft Visual Studio Solution File, Format Version 12.00
# Visual Studio Version 17
VisualStudioVersion = 17.9.34728.123
MinimumVisualStudioVersion = 10.0.40219.1
Project("{FAE04EC0-301F-11D3-BF4B-00C04F79EFBC}") = "Restaurante", "Restaurante\Restaurante.csproj", "{5C72368E-DD97-4011-A75B-7AA45DEE16BC}"
EndProject
Global
	GlobalSection(SolutionConfigurationPlatforms) = preSolution
		Debug|Any CPU = Debug|Any CPU
		Release|Any CPU = Release|Any CPU
	EndGlobalSection
	GlobalSection(ProjectConfigurationPlatforms) = postSolution
		{5C72368E-DD97-4011-A75B-7AA45DEE16BC}.Debug|Any CPU.ActiveCfg = Debug|Any CPU
		{5C72368E-DD97-4011-A75B-7AA45DEE16BC}.Debug|Any CPU.Build.0 = Debug|Any CPU
		{5C72368E-DD97-4011-A75B-7AA45DEE16BC}.Release|Any CPU.ActiveCfg = Release|Any CPU
		{5C72368E-DD97-4011-A75B-7AA45DEE16BC}.Release|Any CPU.Build.0 = Release|Any CPU
	EndGlobalSection
	GlobalSection(SolutionProperties) = preSolution
		HideSolutionNode = FALSE
	EndGlobalSection
	GlobalSection(ExtensibilityGlobals) = postSolution
		SolutionGuid = {C0C6F318-AFD0-4FE8-8512-3C77730FF84B}
	EndGlobalSection
EndGlobal
